// !$*UTF8*$!
{
	archiveVersion = 1;
	classes = {
	};
	objectVersion = 46;
	objects = {

/* Begin PBXBuildFile section */
		CC0EEF661ABC532500950D0A /* main.cpp in Sources */ = {isa = PBXBuildFile; fileRef = CC0EEF651ABC532500950D0A /* main.cpp */; };
		CC1E27AD1AD699320088979E /* FeatureVector.cpp in Sources */ = {isa = PBXBuildFile; fileRef = CC1E27A81AD699320088979E /* FeatureVector.cpp */; };
		CC1E27AE1AD699320088979E /* Sample.cpp in Sources */ = {isa = PBXBuildFile; fileRef = CC1E27AA1AD699320088979E /* Sample.cpp */; };
		CC1E27B31AD69A350088979E /* DTree.cpp in Sources */ = {isa = PBXBuildFile; fileRef = CC1E27B11AD69A350088979E /* DTree.cpp */; };
		CC1E27B61AD69E400088979E /* FeatureVectorSet.cpp in Sources */ = {isa = PBXBuildFile; fileRef = CC1E27B41AD69E400088979E /* FeatureVectorSet.cpp */; };
/* End PBXBuildFile section */

/* Begin PBXCopyFilesBuildPhase section */
		CC0EEF601ABC532500950D0A /* CopyFiles */ = {
			isa = PBXCopyFilesBuildPhase;
			buildActionMask = 2147483647;
			dstPath = /usr/share/man/man1/;
			dstSubfolderSpec = 0;
			files = (
			);
			runOnlyForDeploymentPostprocessing = 1;
		};
/* End PBXCopyFilesBuildPhase section */

/* Begin PBXFileReference section */
		CC0EEF621ABC532500950D0A /* Crownstone Classifier */ = {isa = PBXFileReference; explicitFileType = "compiled.mach-o.executable"; includeInIndex = 0; path = "Crownstone Classifier"; sourceTree = BUILT_PRODUCTS_DIR; };
		CC0EEF651ABC532500950D0A /* main.cpp */ = {isa = PBXFileReference; lastKnownFileType = sourcecode.cpp.cpp; path = main.cpp; sourceTree = "<group>"; };
		CC1E27A81AD699320088979E /* FeatureVector.cpp */ = {isa = PBXFileReference; fileEncoding = 4; lastKnownFileType = sourcecode.cpp.cpp; path = FeatureVector.cpp; sourceTree = "<group>"; };
		CC1E27A91AD699320088979E /* FeatureVector.h */ = {isa = PBXFileReference; fileEncoding = 4; lastKnownFileType = sourcecode.c.h; path = FeatureVector.h; sourceTree = "<group>"; };
		CC1E27AA1AD699320088979E /* Sample.cpp */ = {isa = PBXFileReference; fileEncoding = 4; lastKnownFileType = sourcecode.cpp.cpp; path = Sample.cpp; sourceTree = "<group>"; };
		CC1E27AB1AD699320088979E /* Sample.h */ = {isa = PBXFileReference; fileEncoding = 4; lastKnownFileType = sourcecode.c.h; path = Sample.h; sourceTree = "<group>"; };
		CC1E27AC1AD699320088979E /* TestSample.txt */ = {isa = PBXFileReference; fileEncoding = 4; lastKnownFileType = text; path = TestSample.txt; sourceTree = "<group>"; };
		CC1E27B11AD69A350088979E /* DTree.cpp */ = {isa = PBXFileReference; fileEncoding = 4; lastKnownFileType = sourcecode.cpp.cpp; path = DTree.cpp; sourceTree = "<group>"; };
		CC1E27B21AD69A350088979E /* DTree.h */ = {isa = PBXFileReference; fileEncoding = 4; lastKnownFileType = sourcecode.c.h; path = DTree.h; sourceTree = "<group>"; };
		CC1E27B41AD69E400088979E /* FeatureVectorSet.cpp */ = {isa = PBXFileReference; fileEncoding = 4; lastKnownFileType = sourcecode.cpp.cpp; path = FeatureVectorSet.cpp; sourceTree = "<group>"; };
		CC1E27B51AD69E400088979E /* FeatureVectorSet.h */ = {isa = PBXFileReference; fileEncoding = 4; lastKnownFileType = sourcecode.c.h; path = FeatureVectorSet.h; sourceTree = "<group>"; };
/* End PBXFileReference section */

/* Begin PBXFrameworksBuildPhase section */
		CC0EEF5F1ABC532500950D0A /* Frameworks */ = {
			isa = PBXFrameworksBuildPhase;
			buildActionMask = 2147483647;
			files = (
			);
			runOnlyForDeploymentPostprocessing = 0;
		};
/* End PBXFrameworksBuildPhase section */

/* Begin PBXGroup section */
		CC0EEF591ABC532500950D0A = {
			isa = PBXGroup;
			children = (
				CC0EEF641ABC532500950D0A /* Crownstone Classifier */,
				CC0EEF631ABC532500950D0A /* Products */,
			);
			sourceTree = "<group>";
		};
		CC0EEF631ABC532500950D0A /* Products */ = {
			isa = PBXGroup;
			children = (
				CC0EEF621ABC532500950D0A /* Crownstone Classifier */,
			);
			name = Products;
			sourceTree = "<group>";
		};
		CC0EEF641ABC532500950D0A /* Crownstone Classifier */ = {
			isa = PBXGroup;
			children = (
				CC0EEF651ABC532500950D0A /* main.cpp */,
				CC1E27AF1AD699E00088979E /* Data */,
				CC1E27B01AD69A0A0088979E /* Decision Trees */,
				CC1E27AC1AD699320088979E /* TestSample.txt */,
			);
			path = "Crownstone Classifier";
			sourceTree = "<group>";
		};
		CC1E27AF1AD699E00088979E /* Data */ = {
			isa = PBXGroup;
			children = (
				CC1E27A81AD699320088979E /* FeatureVector.cpp */,
				CC1E27A91AD699320088979E /* FeatureVector.h */,
				CC1E27AA1AD699320088979E /* Sample.cpp */,
				CC1E27AB1AD699320088979E /* Sample.h */,
				CC1E27B41AD69E400088979E /* FeatureVectorSet.cpp */,
				CC1E27B51AD69E400088979E /* FeatureVectorSet.h */,
			);
			name = Data;
			sourceTree = "<group>";
		};
		CC1E27B01AD69A0A0088979E /* Decision Trees */ = {
			isa = PBXGroup;
			children = (
				CC1E27B11AD69A350088979E /* DTree.cpp */,
				CC1E27B21AD69A350088979E /* DTree.h */,
			);
			name = "Decision Trees";
			sourceTree = "<group>";
		};
/* End PBXGroup section */

/* Begin PBXNativeTarget section */
		CC0EEF611ABC532500950D0A /* Crownstone Classifier */ = {
			isa = PBXNativeTarget;
			buildConfigurationList = CC0EEF691ABC532500950D0A /* Build configuration list for PBXNativeTarget "Crownstone Classifier" */;
			buildPhases = (
				CC0EEF5E1ABC532500950D0A /* Sources */,
				CC0EEF5F1ABC532500950D0A /* Frameworks */,
				CC0EEF601ABC532500950D0A /* CopyFiles */,
			);
			buildRules = (
			);
			dependencies = (
			);
			name = "Crownstone Classifier";
			productName = "Crownstone Classifier";
			productReference = CC0EEF621ABC532500950D0A /* Crownstone Classifier */;
			productType = "com.apple.product-type.tool";
		};
/* End PBXNativeTarget section */

/* Begin PBXProject section */
		CC0EEF5A1ABC532500950D0A /* Project object */ = {
			isa = PBXProject;
			attributes = {
				LastUpgradeCheck = 0620;
				ORGANIZATIONNAME = DoBots;
				TargetAttributes = {
					CC0EEF611ABC532500950D0A = {
						CreatedOnToolsVersion = 6.2;
					};
				};
			};
			buildConfigurationList = CC0EEF5D1ABC532500950D0A /* Build configuration list for PBXProject "Crownstone Classifier" */;
			compatibilityVersion = "Xcode 3.2";
			developmentRegion = English;
			hasScannedForEncodings = 0;
			knownRegions = (
				en,
			);
			mainGroup = CC0EEF591ABC532500950D0A;
			productRefGroup = CC0EEF631ABC532500950D0A /* Products */;
			projectDirPath = "";
			projectRoot = "";
			targets = (
				CC0EEF611ABC532500950D0A /* Crownstone Classifier */,
			);
		};
/* End PBXProject section */

/* Begin PBXSourcesBuildPhase section */
		CC0EEF5E1ABC532500950D0A /* Sources */ = {
			isa = PBXSourcesBuildPhase;
			buildActionMask = 2147483647;
			files = (
				CC1E27AE1AD699320088979E /* Sample.cpp in Sources */,
				CC0EEF661ABC532500950D0A /* main.cpp in Sources */,
				CC1E27B31AD69A350088979E /* DTree.cpp in Sources */,
				CC1E27B61AD69E400088979E /* FeatureVectorSet.cpp in Sources */,
				CC1E27AD1AD699320088979E /* FeatureVector.cpp in Sources */,
			);
			runOnlyForDeploymentPostprocessing = 0;
		};
/* End PBXSourcesBuildPhase section */

/* Begin XCBuildConfiguration section */
		CC0EEF671ABC532500950D0A /* Debug */ = {
			isa = XCBuildConfiguration;
			buildSettings = {
				ALWAYS_SEARCH_USER_PATHS = NO;
				CLANG_CXX_LANGUAGE_STANDARD = "gnu++0x";
				CLANG_CXX_LIBRARY = "libc++";
				CLANG_ENABLE_MODULES = YES;
				CLANG_ENABLE_OBJC_ARC = YES;
				CLANG_WARN_BOOL_CONVERSION = YES;
				CLANG_WARN_CONSTANT_CONVERSION = YES;
				CLANG_WARN_DIRECT_OBJC_ISA_USAGE = YES_ERROR;
				CLANG_WARN_EMPTY_BODY = YES;
				CLANG_WARN_ENUM_CONVERSION = YES;
				CLANG_WARN_INT_CONVERSION = YES;
				CLANG_WARN_OBJC_ROOT_CLASS = YES_ERROR;
				CLANG_WARN_UNREACHABLE_CODE = YES;
				CLANG_WARN__DUPLICATE_METHOD_MATCH = YES;
				COPY_PHASE_STRIP = NO;
				ENABLE_STRICT_OBJC_MSGSEND = YES;
				GCC_C_LANGUAGE_STANDARD = gnu99;
				GCC_DYNAMIC_NO_PIC = NO;
				GCC_OPTIMIZATION_LEVEL = 0;
				GCC_PREPROCESSOR_DEFINITIONS = (
					"DEBUG=1",
					"$(inherited)",
				);
				GCC_SYMBOLS_PRIVATE_EXTERN = NO;
				GCC_WARN_64_TO_32_BIT_CONVERSION = YES;
				GCC_WARN_ABOUT_RETURN_TYPE = YES_ERROR;
				GCC_WARN_UNDECLARED_SELECTOR = YES;
				GCC_WARN_UNINITIALIZED_AUTOS = YES_AGGRESSIVE;
				GCC_WARN_UNUSED_FUNCTION = YES;
				GCC_WARN_UNUSED_VARIABLE = YES;
				MACOSX_DEPLOYMENT_TARGET = 10.9;
				MTL_ENABLE_DEBUG_INFO = YES;
				ONLY_ACTIVE_ARCH = YES;
				SDKROOT = macosx;
			};
			name = Debug;
		};
		CC0EEF681ABC532500950D0A /* Release */ = {
			isa = XCBuildConfiguration;
			buildSettings = {
				ALWAYS_SEARCH_USER_PATHS = NO;
				CLANG_CXX_LANGUAGE_STANDARD = "gnu++0x";
				CLANG_CXX_LIBRARY = "libc++";
				CLANG_ENABLE_MODULES = YES;
				CLANG_ENABLE_OBJC_ARC = YES;
				CLANG_WARN_BOOL_CONVERSION = YES;
				CLANG_WARN_CONSTANT_CONVERSION = YES;
				CLANG_WARN_DIRECT_OBJC_ISA_USAGE = YES_ERROR;
				CLANG_WARN_EMPTY_BODY = YES;
				CLANG_WARN_ENUM_CONVERSION = YES;
				CLANG_WARN_INT_CONVERSION = YES;
				CLANG_WARN_OBJC_ROOT_CLASS = YES_ERROR;
				CLANG_WARN_UNREACHABLE_CODE = YES;
				CLANG_WARN__DUPLICATE_METHOD_MATCH = YES;
				COPY_PHASE_STRIP = NO;
				DEBUG_INFORMATION_FORMAT = "dwarf-with-dsym";
				ENABLE_NS_ASSERTIONS = NO;
				ENABLE_STRICT_OBJC_MSGSEND = YES;
				GCC_C_LANGUAGE_STANDARD = gnu99;
				GCC_WARN_64_TO_32_BIT_CONVERSION = YES;
				GCC_WARN_ABOUT_RETURN_TYPE = YES_ERROR;
				GCC_WARN_UNDECLARED_SELECTOR = YES;
				GCC_WARN_UNINITIALIZED_AUTOS = YES_AGGRESSIVE;
				GCC_WARN_UNUSED_FUNCTION = YES;
				GCC_WARN_UNUSED_VARIABLE = YES;
				MACOSX_DEPLOYMENT_TARGET = 10.9;
				MTL_ENABLE_DEBUG_INFO = NO;
				SDKROOT = macosx;
			};
			name = Release;
		};
		CC0EEF6A1ABC532500950D0A /* Debug */ = {
			isa = XCBuildConfiguration;
			buildSettings = {
				PRODUCT_NAME = "$(TARGET_NAME)";
			};
			name = Debug;
		};
		CC0EEF6B1ABC532500950D0A /* Release */ = {
			isa = XCBuildConfiguration;
			buildSettings = {
				PRODUCT_NAME = "$(TARGET_NAME)";
			};
			name = Release;
		};
/* End XCBuildConfiguration section */

/* Begin XCConfigurationList section */
		CC0EEF5D1ABC532500950D0A /* Build configuration list for PBXProject "Crownstone Classifier" */ = {
			isa = XCConfigurationList;
			buildConfigurations = (
				CC0EEF671ABC532500950D0A /* Debug */,
				CC0EEF681ABC532500950D0A /* Release */,
			);
			defaultConfigurationIsVisible = 0;
			defaultConfigurationName = Release;
		};
		CC0EEF691ABC532500950D0A /* Build configuration list for PBXNativeTarget "Crownstone Classifier" */ = {
			isa = XCConfigurationList;
			buildConfigurations = (
				CC0EEF6A1ABC532500950D0A /* Debug */,
				CC0EEF6B1ABC532500950D0A /* Release */,
			);
			defaultConfigurationIsVisible = 0;
			defaultConfigurationName = Release;
		};
/* End XCConfigurationList section */
	};
	rootObject = CC0EEF5A1ABC532500950D0A /* Project object */;
}
